
Microsoft Visual Studio Solution File, Format Version 12.00
# Visual Studio 15
VisualStudioVersion = 15.0.26124.0
MinimumVisualStudioVersion = 15.0.26124.0
Project("{2150E333-8FDC-42A3-9474-1A3956D46DE8}") = "src", "src", "{38A94ED6-DF61-4562-A728-3F1946D47D05}"
EndProject
Project("{FAE04EC0-301F-11D3-BF4B-00C04F79EFBC}") = "IdentityServer", "src\IdentityServer\IdentityServer.csproj", "{22D8AC83-8073-4504-8649-1DAA42736EF7}"
EndProject
Project("{FAE04EC0-301F-11D3-BF4B-00C04F79EFBC}") = "Api", "src\Api\Api.csproj", "{42645426-6EEB-4DA2-B841-47B30BC8B4C6}"
EndProject
Project("{FAE04EC0-301F-11D3-BF4B-00C04F79EFBC}") = "Client", "src\Client\Client.csproj", "{E9E94641-16E3-4A18-A008-A79A09EE1F07}"
EndProject
Project("{FAE04EC0-301F-11D3-BF4B-00C04F79EFBC}") = "CertificateGeneraotor", "src\CertificateGenerator\CertificateGeneraotor.csproj", "{2E8F1BFD-955B-49C4-83B9-68A529609031}"
EndProject
Global
	GlobalSection(SolutionConfigurationPlatforms) = preSolution
		Debug|Any CPU = Debug|Any CPU
		Debug|x64 = Debug|x64
		Debug|x86 = Debug|x86
		Release|Any CPU = Release|Any CPU
		Release|x64 = Release|x64
		Release|x86 = Release|x86
	EndGlobalSection
	GlobalSection(SolutionProperties) = preSolution
		HideSolutionNode = FALSE
	EndGlobalSection
	GlobalSection(ProjectConfigurationPlatforms) = postSolution
		{22D8AC83-8073-4504-8649-1DAA42736EF7}.Debug|Any CPU.ActiveCfg = Debug|Any CPU
		{22D8AC83-8073-4504-8649-1DAA42736EF7}.Debug|Any CPU.Build.0 = Debug|Any CPU
		{22D8AC83-8073-4504-8649-1DAA42736EF7}.Debug|x64.ActiveCfg = Debug|Any CPU
		{22D8AC83-8073-4504-8649-1DAA42736EF7}.Debug|x64.Build.0 = Debug|Any CPU
		{22D8AC83-8073-4504-8649-1DAA42736EF7}.Debug|x86.ActiveCfg = Debug|Any CPU
		{22D8AC83-8073-4504-8649-1DAA42736EF7}.Debug|x86.Build.0 = Debug|Any CPU
		{22D8AC83-8073-4504-8649-1DAA42736EF7}.Release|Any CPU.ActiveCfg = Release|Any CPU
		{22D8AC83-8073-4504-8649-1DAA42736EF7}.Release|Any CPU.Build.0 = Release|Any CPU
		{22D8AC83-8073-4504-8649-1DAA42736EF7}.Release|x64.ActiveCfg = Release|Any CPU
		{22D8AC83-8073-4504-8649-1DAA42736EF7}.Release|x64.Build.0 = Release|Any CPU
		{22D8AC83-8073-4504-8649-1DAA42736EF7}.Release|x86.ActiveCfg = Release|Any CPU
		{22D8AC83-8073-4504-8649-1DAA42736EF7}.Release|x86.Build.0 = Release|Any CPU
		{42645426-6EEB-4DA2-B841-47B30BC8B4C6}.Debug|Any CPU.ActiveCfg = Debug|Any CPU
		{42645426-6EEB-4DA2-B841-47B30BC8B4C6}.Debug|Any CPU.Build.0 = Debug|Any CPU
		{42645426-6EEB-4DA2-B841-47B30BC8B4C6}.Debug|x64.ActiveCfg = Debug|Any CPU
		{42645426-6EEB-4DA2-B841-47B30BC8B4C6}.Debug|x64.Build.0 = Debug|Any CPU
		{42645426-6EEB-4DA2-B841-47B30BC8B4C6}.Debug|x86.ActiveCfg = Debug|Any CPU
		{42645426-6EEB-4DA2-B841-47B30BC8B4C6}.Debug|x86.Build.0 = Debug|Any CPU
		{42645426-6EEB-4DA2-B841-47B30BC8B4C6}.Release|Any CPU.ActiveCfg = Release|Any CPU
		{42645426-6EEB-4DA2-B841-47B30BC8B4C6}.Release|Any CPU.Build.0 = Release|Any CPU
		{42645426-6EEB-4DA2-B841-47B30BC8B4C6}.Release|x64.ActiveCfg = Release|Any CPU
		{42645426-6EEB-4DA2-B841-47B30BC8B4C6}.Release|x64.Build.0 = Release|Any CPU
		{42645426-6EEB-4DA2-B841-47B30BC8B4C6}.Release|x86.ActiveCfg = Release|Any CPU
		{42645426-6EEB-4DA2-B841-47B30BC8B4C6}.Release|x86.Build.0 = Release|Any CPU
		{E9E94641-16E3-4A18-A008-A79A09EE1F07}.Debug|Any CPU.ActiveCfg = Debug|Any CPU
		{E9E94641-16E3-4A18-A008-A79A09EE1F07}.Debug|Any CPU.Build.0 = Debug|Any CPU
		{E9E94641-16E3-4A18-A008-A79A09EE1F07}.Debug|x64.ActiveCfg = Debug|Any CPU
		{E9E94641-16E3-4A18-A008-A79A09EE1F07}.Debug|x64.Build.0 = Debug|Any CPU
		{E9E94641-16E3-4A18-A008-A79A09EE1F07}.Debug|x86.ActiveCfg = Debug|Any CPU
		{E9E94641-16E3-4A18-A008-A79A09EE1F07}.Debug|x86.Build.0 = Debug|Any CPU
		{E9E94641-16E3-4A18-A008-A79A09EE1F07}.Release|Any CPU.ActiveCfg = Release|Any CPU
		{E9E94641-16E3-4A18-A008-A79A09EE1F07}.Release|Any CPU.Build.0 = Release|Any CPU
		{E9E94641-16E3-4A18-A008-A79A09EE1F07}.Release|x64.ActiveCfg = Release|Any CPU
		{E9E94641-16E3-4A18-A008-A79A09EE1F07}.Release|x64.Build.0 = Release|Any CPU
		{E9E94641-16E3-4A18-A008-A79A09EE1F07}.Release|x86.ActiveCfg = Release|Any CPU
		{E9E94641-16E3-4A18-A008-A79A09EE1F07}.Release|x86.Build.0 = Release|Any CPU
		{2E8F1BFD-955B-49C4-83B9-68A529609031}.Debug|Any CPU.ActiveCfg = Debug|Any CPU
		{2E8F1BFD-955B-49C4-83B9-68A529609031}.Debug|Any CPU.Build.0 = Debug|Any CPU
		{2E8F1BFD-955B-49C4-83B9-68A529609031}.Debug|x64.ActiveCfg = Debug|Any CPU
		{2E8F1BFD-955B-49C4-83B9-68A529609031}.Debug|x64.Build.0 = Debug|Any CPU
		{2E8F1BFD-955B-49C4-83B9-68A529609031}.Debug|x86.ActiveCfg = Debug|Any CPU
		{2E8F1BFD-955B-49C4-83B9-68A529609031}.Debug|x86.Build.0 = Debug|Any CPU
		{2E8F1BFD-955B-49C4-83B9-68A529609031}.Release|Any CPU.ActiveCfg = Release|Any CPU
		{2E8F1BFD-955B-49C4-83B9-68A529609031}.Release|Any CPU.Build.0 = Release|Any CPU
		{2E8F1BFD-955B-49C4-83B9-68A529609031}.Release|x64.ActiveCfg = Release|Any CPU
		{2E8F1BFD-955B-49C4-83B9-68A529609031}.Release|x64.Build.0 = Release|Any CPU
		{2E8F1BFD-955B-49C4-83B9-68A529609031}.Release|x86.ActiveCfg = Release|Any CPU
		{2E8F1BFD-955B-49C4-83B9-68A529609031}.Release|x86.Build.0 = Release|Any CPU
	EndGlobalSection
	GlobalSection(NestedProjects) = preSolution
		{22D8AC83-8073-4504-8649-1DAA42736EF7} = {38A94ED6-DF61-4562-A728-3F1946D47D05}
		{42645426-6EEB-4DA2-B841-47B30BC8B4C6} = {38A94ED6-DF61-4562-A728-3F1946D47D05}
		{E9E94641-16E3-4A18-A008-A79A09EE1F07} = {38A94ED6-DF61-4562-A728-3F1946D47D05}
		{2E8F1BFD-955B-49C4-83B9-68A529609031} = {38A94ED6-DF61-4562-A728-3F1946D47D05}
	EndGlobalSection
EndGlobal
